
Microsoft Visual Studio Solution File, Format Version 12.00
# Visual Studio Version 17
VisualStudioVersion = 17.2.32616.157
MinimumVisualStudioVersion = 10.0.40219.1
Project("{FAE04EC0-301F-11D3-BF4B-00C04F79EFBC}") = "HomeAccessControll", "HomeAccessControll\HomeAccessControll.csproj", "{D3863114-B55E-4937-BE72-FD531C55DB71}"
EndProject
Project("{FAE04EC0-301F-11D3-BF4B-00C04F79EFBC}") = "HomeAccessControll.Data", "HomeAccessControll.Data\HomeAccessControll.Data.csproj", "{359B2852-11B4-4C0F-911E-7D8B9D547AE6}"
EndProject
Global
	GlobalSection(SolutionConfigurationPlatforms) = preSolution
		Debug|Any CPU = Debug|Any CPU
		Release|Any CPU = Release|Any CPU
	EndGlobalSection
	GlobalSection(ProjectConfigurationPlatforms) = postSolution
		{D3863114-B55E-4937-BE72-FD531C55DB71}.Debug|Any CPU.ActiveCfg = Debug|Any CPU
		{D3863114-B55E-4937-BE72-FD531C55DB71}.Debug|Any CPU.Build.0 = Debug|Any CPU
		{D3863114-B55E-4937-BE72-FD531C55DB71}.Release|Any CPU.ActiveCfg = Release|Any CPU
		{D3863114-B55E-4937-BE72-FD531C55DB71}.Release|Any CPU.Build.0 = Release|Any CPU
		{359B2852-11B4-4C0F-911E-7D8B9D547AE6}.Debug|Any CPU.ActiveCfg = Debug|Any CPU
		{359B2852-11B4-4C0F-911E-7D8B9D547AE6}.Debug|Any CPU.Build.0 = Debug|Any CPU
		{359B2852-11B4-4C0F-911E-7D8B9D547AE6}.Release|Any CPU.ActiveCfg = Release|Any CPU
		{359B2852-11B4-4C0F-911E-7D8B9D547AE6}.Release|Any CPU.Build.0 = Release|Any CPU
	EndGlobalSection
	GlobalSection(SolutionProperties) = preSolution
		HideSolutionNode = FALSE
	EndGlobalSection
	GlobalSection(ExtensibilityGlobals) = postSolution
		SolutionGuid = {6B7133E1-A52A-4B73-98D6-011291963965}
	EndGlobalSection
EndGlobal
